
Microsoft Visual Studio Solution File, Format Version 12.00
# Visual Studio Version 16
VisualStudioVersion = 16.0.32126.315
MinimumVisualStudioVersion = 10.0.40219.1
Project("{FAE04EC0-301F-11D3-BF4B-00C04F79EFBC}") = "AppShopping.Android", "AppShopping\AppShopping.Android\AppShopping.Android.csproj", "{CA33C1B4-EA07-49A9-8B39-CA07CFCFF1E0}"
EndProject
Project("{FAE04EC0-301F-11D3-BF4B-00C04F79EFBC}") = "AppShopping.iOS", "AppShopping\AppShopping.iOS\AppShopping.iOS.csproj", "{0730652D-8C74-42F8-814A-B8F7C2075851}"
EndProject
Project("{FAE04EC0-301F-11D3-BF4B-00C04F79EFBC}") = "AppShopping", "AppShopping\AppShopping\AppShopping.csproj", "{A0DC0A5A-6441-4EC7-B77D-2BB0DDC77C93}"
EndProject
Global
	GlobalSection(SolutionConfigurationPlatforms) = preSolution
		Debug|Any CPU = Debug|Any CPU
		Debug|iPhone = Debug|iPhone
		Debug|iPhoneSimulator = Debug|iPhoneSimulator
		Release|Any CPU = Release|Any CPU
		Release|iPhone = Release|iPhone
		Release|iPhoneSimulator = Release|iPhoneSimulator
	EndGlobalSection
	GlobalSection(ProjectConfigurationPlatforms) = postSolution
		{CA33C1B4-EA07-49A9-8B39-CA07CFCFF1E0}.Debug|Any CPU.ActiveCfg = Debug|Any CPU
		{CA33C1B4-EA07-49A9-8B39-CA07CFCFF1E0}.Debug|Any CPU.Build.0 = Debug|Any CPU
		{CA33C1B4-EA07-49A9-8B39-CA07CFCFF1E0}.Debug|Any CPU.Deploy.0 = Debug|Any CPU
		{CA33C1B4-EA07-49A9-8B39-CA07CFCFF1E0}.Debug|iPhone.ActiveCfg = Debug|Any CPU
		{CA33C1B4-EA07-49A9-8B39-CA07CFCFF1E0}.Debug|iPhone.Build.0 = Debug|Any CPU
		{CA33C1B4-EA07-49A9-8B39-CA07CFCFF1E0}.Debug|iPhone.Deploy.0 = Debug|Any CPU
		{CA33C1B4-EA07-49A9-8B39-CA07CFCFF1E0}.Debug|iPhoneSimulator.ActiveCfg = Debug|Any CPU
		{CA33C1B4-EA07-49A9-8B39-CA07CFCFF1E0}.Debug|iPhoneSimulator.Build.0 = Debug|Any CPU
		{CA33C1B4-EA07-49A9-8B39-CA07CFCFF1E0}.Debug|iPhoneSimulator.Deploy.0 = Debug|Any CPU
		{CA33C1B4-EA07-49A9-8B39-CA07CFCFF1E0}.Release|Any CPU.ActiveCfg = Release|Any CPU
		{CA33C1B4-EA07-49A9-8B39-CA07CFCFF1E0}.Release|Any CPU.Build.0 = Release|Any CPU
		{CA33C1B4-EA07-49A9-8B39-CA07CFCFF1E0}.Release|Any CPU.Deploy.0 = Release|Any CPU
		{CA33C1B4-EA07-49A9-8B39-CA07CFCFF1E0}.Release|iPhone.ActiveCfg = Release|Any CPU
		{CA33C1B4-EA07-49A9-8B39-CA07CFCFF1E0}.Release|iPhone.Build.0 = Release|Any CPU
		{CA33C1B4-EA07-49A9-8B39-CA07CFCFF1E0}.Release|iPhone.Deploy.0 = Release|Any CPU
		{CA33C1B4-EA07-49A9-8B39-CA07CFCFF1E0}.Release|iPhoneSimulator.ActiveCfg = Release|Any CPU
		{CA33C1B4-EA07-49A9-8B39-CA07CFCFF1E0}.Release|iPhoneSimulator.Build.0 = Release|Any CPU
		{CA33C1B4-EA07-49A9-8B39-CA07CFCFF1E0}.Release|iPhoneSimulator.Deploy.0 = Release|Any CPU
		{0730652D-8C74-42F8-814A-B8F7C2075851}.Debug|Any CPU.ActiveCfg = Debug|iPhone
		{0730652D-8C74-42F8-814A-B8F7C2075851}.Debug|Any CPU.Build.0 = Debug|iPhone
		{0730652D-8C74-42F8-814A-B8F7C2075851}.Debug|Any CPU.Deploy.0 = Debug|iPhone
		{0730652D-8C74-42F8-814A-B8F7C2075851}.Debug|iPhone.ActiveCfg = Debug|iPhone
		{0730652D-8C74-42F8-814A-B8F7C2075851}.Debug|iPhone.Build.0 = Debug|iPhone
		{0730652D-8C74-42F8-814A-B8F7C2075851}.Debug|iPhone.Deploy.0 = Debug|iPhone
		{0730652D-8C74-42F8-814A-B8F7C2075851}.Debug|iPhoneSimulator.ActiveCfg = Debug|iPhoneSimulator
		{0730652D-8C74-42F8-814A-B8F7C2075851}.Debug|iPhoneSimulator.Build.0 = Debug|iPhoneSimulator
		{0730652D-8C74-42F8-814A-B8F7C2075851}.Debug|iPhoneSimulator.Deploy.0 = Debug|iPhoneSimulator
		{0730652D-8C74-42F8-814A-B8F7C2075851}.Release|Any CPU.ActiveCfg = Release|iPhoneSimulator
		{0730652D-8C74-42F8-814A-B8F7C2075851}.Release|Any CPU.Build.0 = Release|iPhoneSimulator
		{0730652D-8C74-42F8-814A-B8F7C2075851}.Release|Any CPU.Deploy.0 = Release|iPhoneSimulator
		{0730652D-8C74-42F8-814A-B8F7C2075851}.Release|iPhone.ActiveCfg = Release|iPhone
		{0730652D-8C74-42F8-814A-B8F7C2075851}.Release|iPhone.Build.0 = Release|iPhone
		{0730652D-8C74-42F8-814A-B8F7C2075851}.Release|iPhone.Deploy.0 = Release|iPhone
		{0730652D-8C74-42F8-814A-B8F7C2075851}.Release|iPhoneSimulator.ActiveCfg = Release|iPhoneSimulator
		{0730652D-8C74-42F8-814A-B8F7C2075851}.Release|iPhoneSimulator.Build.0 = Release|iPhoneSimulator
		{0730652D-8C74-42F8-814A-B8F7C2075851}.Release|iPhoneSimulator.Deploy.0 = Release|iPhoneSimulator
		{A0DC0A5A-6441-4EC7-B77D-2BB0DDC77C93}.Debug|Any CPU.ActiveCfg = Debug|Any CPU
		{A0DC0A5A-6441-4EC7-B77D-2BB0DDC77C93}.Debug|Any CPU.Build.0 = Debug|Any CPU
		{A0DC0A5A-6441-4EC7-B77D-2BB0DDC77C93}.Debug|Any CPU.Deploy.0 = Debug|Any CPU
		{A0DC0A5A-6441-4EC7-B77D-2BB0DDC77C93}.Debug|iPhone.ActiveCfg = Debug|Any CPU
		{A0DC0A5A-6441-4EC7-B77D-2BB0DDC77C93}.Debug|iPhone.Build.0 = Debug|Any CPU
		{A0DC0A5A-6441-4EC7-B77D-2BB0DDC77C93}.Debug|iPhone.Deploy.0 = Debug|Any CPU
		{A0DC0A5A-6441-4EC7-B77D-2BB0DDC77C93}.Debug|iPhoneSimulator.ActiveCfg = Debug|Any CPU
		{A0DC0A5A-6441-4EC7-B77D-2BB0DDC77C93}.Debug|iPhoneSimulator.Build.0 = Debug|Any CPU
		{A0DC0A5A-6441-4EC7-B77D-2BB0DDC77C93}.Debug|iPhoneSimulator.Deploy.0 = Debug|Any CPU
		{A0DC0A5A-6441-4EC7-B77D-2BB0DDC77C93}.Release|Any CPU.ActiveCfg = Release|Any CPU
		{A0DC0A5A-6441-4EC7-B77D-2BB0DDC77C93}.Release|Any CPU.Build.0 = Release|Any CPU
		{A0DC0A5A-6441-4EC7-B77D-2BB0DDC77C93}.Release|Any CPU.Deploy.0 = Release|Any CPU
		{A0DC0A5A-6441-4EC7-B77D-2BB0DDC77C93}.Release|iPhone.ActiveCfg = Release|Any CPU
		{A0DC0A5A-6441-4EC7-B77D-2BB0DDC77C93}.Release|iPhone.Build.0 = Release|Any CPU
		{A0DC0A5A-6441-4EC7-B77D-2BB0DDC77C93}.Release|iPhone.Deploy.0 = Release|Any CPU
		{A0DC0A5A-6441-4EC7-B77D-2BB0DDC77C93}.Release|iPhoneSimulator.ActiveCfg = Release|Any CPU
		{A0DC0A5A-6441-4EC7-B77D-2BB0DDC77C93}.Release|iPhoneSimulator.Build.0 = Release|Any CPU
		{A0DC0A5A-6441-4EC7-B77D-2BB0DDC77C93}.Release|iPhoneSimulator.Deploy.0 = Release|Any CPU
	EndGlobalSection
	GlobalSection(SolutionProperties) = preSolution
		HideSolutionNode = FALSE
	EndGlobalSection
	GlobalSection(ExtensibilityGlobals) = postSolution
		SolutionGuid = {6B3BD3E5-F754-4EF6-9FD7-67A11F1D6CA2}
	EndGlobalSection
EndGlobal
